
Microsoft Visual Studio Solution File, Format Version 10.00
# Visual Studio 2008
Project("{2150E333-8FDC-42A3-9474-1A3956D46DE8}") = "External-Lib", "External-Lib", "{854A5E06-8EC6-41B3-8F6B-9DF455431B13}"
	ProjectSection(SolutionItems) = preProject
		External-Lib\CommunityServer.Blogs.dll = External-Lib\CommunityServer.Blogs.dll
		External-Lib\CommunityServer.Components.dll = External-Lib\CommunityServer.Components.dll
		External-Lib\CommunityServer.Controls.dll = External-Lib\CommunityServer.Controls.dll
	EndProjectSection
EndProject
Project("{FAE04EC0-301F-11D3-BF4B-00C04F79EFBC}") = "NunoGomes.CommunityServer", "NunoGomes.CommunityServer\NunoGomes.CommunityServer.csproj", "{484B66D8-0DFB-45D2-96EA-7EA275725477}"
EndProject
Global
	GlobalSection(TeamFoundationVersionControl) = preSolution
		SccNumberOfProjects = 2
		SccEnterpriseProvider = {4CA58AB2-18FA-4F8D-95D4-32DDF27D184C}
		SccTeamFoundationServer = https://tfs05.codeplex.com/
		SccLocalPath0 = .
		SccProjectUniqueName1 = NunoGomes.CommunityServer\\NunoGomes.CommunityServer.csproj
		SccProjectName1 = NunoGomes.CommunityServer
		SccLocalPath1 = NunoGomes.CommunityServer
	EndGlobalSection
	GlobalSection(SolutionConfigurationPlatforms) = preSolution
		Debug|Any CPU = Debug|Any CPU
		Release|Any CPU = Release|Any CPU
	EndGlobalSection
	GlobalSection(ProjectConfigurationPlatforms) = postSolution
		{484B66D8-0DFB-45D2-96EA-7EA275725477}.Debug|Any CPU.ActiveCfg = Debug|Any CPU
		{484B66D8-0DFB-45D2-96EA-7EA275725477}.Debug|Any CPU.Build.0 = Debug|Any CPU
		{484B66D8-0DFB-45D2-96EA-7EA275725477}.Release|Any CPU.ActiveCfg = Release|Any CPU
		{484B66D8-0DFB-45D2-96EA-7EA275725477}.Release|Any CPU.Build.0 = Release|Any CPU
	EndGlobalSection
	GlobalSection(SolutionProperties) = preSolution
		HideSolutionNode = FALSE
	EndGlobalSection
EndGlobal
